<?xml version="1.0" encoding="utf-8"?>
<Project ToolsVersion="4.0" xmlns="http://schemas.microsoft.com/developer/msbuild/2003">
  <ItemGroup>
    <Filter Include="ソース ファイル">
      <UniqueIdentifier>{4FC737F1-C7A5-4376-A066-2A32D752A2FF}</UniqueIdentifier>
      <Extensions>cpp;c;cc;cxx;c++;cppm;ixx;def;odl;idl;hpj;bat;asm;asmx</Extensions>
    </Filter>
    <Filter Include="ヘッダー ファイル">
      <UniqueIdentifier>{93995380-89BD-4b04-88EB-625FBE52EBFB}</UniqueIdentifier>
      <Extensions>h;hh;hpp;hxx;h++;hm;inl;inc;ipp;xsd</Extensions>
    </Filter>
    <Filter Include="リソース ファイル">
      <UniqueIdentifier>{67DA6AB6-F800-4c08-8B7A-83BB121AAD01}</UniqueIdentifier>
      <Extensions>rc;ico;cur;bmp;dlg;rc2;rct;bin;rgs;gif;jpg;jpeg;jpe;resx;tiff;tif;png;wav;mfcribbon-ms</Extensions>
    </Filter>
    <Filter Include="シェーダーファイル">
      <UniqueIdentifier>{01f59c4c-f0d4-4067-814e-1966bf673e16}</UniqueIdentifier>
    </Filter>
    <Filter Include="ソース ファイル\Engine">
      <UniqueIdentifier>{fdc8f65e-b91a-4948-8a7e-5e4a487e3d88}</UniqueIdentifier>
    </Filter>
    <Filter Include="ソース ファイル\Engine\Camera">
      <UniqueIdentifier>{8648591c-647f-4436-a2dd-13301915fca6}</UniqueIdentifier>
    </Filter>
    <Filter Include="ヘッダー ファイル\Engine">
      <UniqueIdentifier>{3e9fda3e-31c2-4cca-8e74-e27550a30bd4}</UniqueIdentifier>
    </Filter>
    <Filter Include="ヘッダー ファイル\Engine\Camera">
      <UniqueIdentifier>{5ce11703-8856-41ab-ba6d-370267de2542}</UniqueIdentifier>
    </Filter>
    <Filter Include="ソース ファイル\Engine\DirectXBase">
      <UniqueIdentifier>{201f598d-437a-4dfa-bc77-0b86f898e5f3}</UniqueIdentifier>
    </Filter>
    <Filter Include="ヘッダー ファイル\Engine\DirectXBase">
      <UniqueIdentifier>{8be3e7bb-e7e8-431b-8398-f56173d17422}</UniqueIdentifier>
    </Filter>
    <Filter Include="ヘッダー ファイル\Engine\Drawing">
      <UniqueIdentifier>{aafce6cf-a48d-49bf-8a4e-49d5ac4ff375}</UniqueIdentifier>
    </Filter>
    <Filter Include="ソース ファイル\Engine\Drawing">
      <UniqueIdentifier>{bb2bc4d3-8747-4b1d-8030-67b575f3b68a}</UniqueIdentifier>
    </Filter>
    <Filter Include="ソース ファイル\Engine\Input">
      <UniqueIdentifier>{2dc98693-546d-4744-aae9-e34f7d00031a}</UniqueIdentifier>
    </Filter>
    <Filter Include="ヘッダー ファイル\Engine\Input">
      <UniqueIdentifier>{3b4c1d7a-ba9e-48e2-8519-2b3224b518f8}</UniqueIdentifier>
    </Filter>
    <Filter Include="ヘッダー ファイル\Engine\Math">
      <UniqueIdentifier>{d3c235de-e792-4edd-a2cb-9deaf386c190}</UniqueIdentifier>
    </Filter>
    <Filter Include="ソース ファイル\Engine\Math">
      <UniqueIdentifier>{b6005b18-bacf-4da5-b4e0-b512e1819681}</UniqueIdentifier>
    </Filter>
    <Filter Include="ソース ファイル\Engine\Sound">
      <UniqueIdentifier>{3f03f781-4702-4e29-95df-5867f5f505d2}</UniqueIdentifier>
    </Filter>
    <Filter Include="ヘッダー ファイル\Engine\Sound">
      <UniqueIdentifier>{772d8c7c-e317-4b06-9526-79454d92d508}</UniqueIdentifier>
    </Filter>
  </ItemGroup>
  <ItemGroup>
    <ClCompile Include="main.cpp">
      <Filter>ソース ファイル</Filter>
    </ClCompile>
    <ClCompile Include="Engine\Camera\ViewProjection.cpp">
      <Filter>ソース ファイル\Engine\Camera</Filter>
    </ClCompile>
    <ClCompile Include="Engine\DirectXBase\DirectXCommon.cpp">
      <Filter>ソース ファイル\Engine\DirectXBase</Filter>
    </ClCompile>
    <ClCompile Include="Engine\DirectXBase\Render_basic.cpp">
      <Filter>ソース ファイル\Engine\DirectXBase</Filter>
    </ClCompile>
    <ClCompile Include="Engine\DirectXBase\WinApp.cpp">
      <Filter>ソース ファイル\Engine\DirectXBase</Filter>
    </ClCompile>
    <ClCompile Include="Engine\Drawing\Line.cpp">
      <Filter>ソース ファイル\Engine\Drawing</Filter>
    </ClCompile>
    <ClCompile Include="Engine\Drawing\Mesh.cpp">
      <Filter>ソース ファイル\Engine\Drawing</Filter>
    </ClCompile>
    <ClCompile Include="Engine\Drawing\Sprite.cpp">
      <Filter>ソース ファイル\Engine\Drawing</Filter>
    </ClCompile>
    <ClCompile Include="Engine\Drawing\Texture.cpp">
      <Filter>ソース ファイル\Engine\Drawing</Filter>
    </ClCompile>
    <ClCompile Include="Engine\Input\Input.cpp">
      <Filter>ソース ファイル\Engine\Input</Filter>
    </ClCompile>
    <ClCompile Include="Engine\Math\Vector3.cpp">
      <Filter>ソース ファイル\Engine\Math</Filter>
    </ClCompile>
    <ClCompile Include="Engine\Sound\Audio.cpp">
      <Filter>ソース ファイル\Engine\Sound</Filter>
    </ClCompile>
    <ClCompile Include="Engine\Math\Vector4.cpp">
      <Filter>ソース ファイル\Engine\Math</Filter>
    </ClCompile>
    <ClCompile Include="Engine\Math\Vector2.cpp">
      <Filter>ソース ファイル\Engine\Math</Filter>
    </ClCompile>
    <ClCompile Include="Engine\Math\Matrix4.cpp">
      <Filter>ソース ファイル\Engine\Math</Filter>
    </ClCompile>
  </ItemGroup>
  <ItemGroup>
    <ClInclude Include="Engine\Camera\ViewProjection.h">
      <Filter>ヘッダー ファイル\Engine\Camera</Filter>
    </ClInclude>
    <ClInclude Include="Engine\DirectXBase\DirectXCommon.h">
      <Filter>ヘッダー ファイル\Engine\DirectXBase</Filter>
    </ClInclude>
    <ClInclude Include="Engine\DirectXBase\Render_basic.h">
      <Filter>ヘッダー ファイル\Engine\DirectXBase</Filter>
    </ClInclude>
    <ClInclude Include="Engine\DirectXBase\WinApp.h">
      <Filter>ヘッダー ファイル\Engine\DirectXBase</Filter>
    </ClInclude>
    <ClInclude Include="Engine\Drawing\Line.h">
      <Filter>ヘッダー ファイル\Engine\Drawing</Filter>
    </ClInclude>
    <ClInclude Include="Engine\Drawing\Mesh.h">
      <Filter>ヘッダー ファイル\Engine\Drawing</Filter>
    </ClInclude>
    <ClInclude Include="Engine\Drawing\Sprite.h">
      <Filter>ヘッダー ファイル\Engine\Drawing</Filter>
    </ClInclude>
    <ClInclude Include="Engine\Drawing\Texture.h">
      <Filter>ヘッダー ファイル\Engine\Drawing</Filter>
    </ClInclude>
    <ClInclude Include="Engine\Input\Input.h">
      <Filter>ヘッダー ファイル\Engine\Input</Filter>
    </ClInclude>
    <ClInclude Include="Engine\Math\Vector3.h">
      <Filter>ヘッダー ファイル\Engine\Math</Filter>
    </ClInclude>
    <ClInclude Include="Engine\Sound\Audio.h">
      <Filter>ヘッダー ファイル\Engine\Sound</Filter>
    </ClInclude>
    <ClInclude Include="Engine\Math\Vector2.h">
      <Filter>ヘッダー ファイル\Engine\Math</Filter>
    </ClInclude>
    <ClInclude Include="Engine\Math\Vector4.h">
      <Filter>ヘッダー ファイル\Engine\Math</Filter>
    </ClInclude>
    <ClInclude Include="Engine\Math\Matrix4.h">
      <Filter>ヘッダー ファイル\Engine\Math</Filter>
    </ClInclude>
  </ItemGroup>
  <ItemGroup>
    <None Include="Resources\shaders\Basic.hlsli">
      <Filter>シェーダーファイル</Filter>
    </None>
    <None Include="Resources\shaders\SpriteShaderHeader.hlsli">
      <Filter>シェーダーファイル</Filter>
    </None>
  </ItemGroup>
  <ItemGroup>
    <FxCompile Include="Resources\shaders\BasicPS.hlsl">
      <Filter>シェーダーファイル</Filter>
    </FxCompile>
    <FxCompile Include="Resources\shaders\BasicVS.hlsl">
      <Filter>シェーダーファイル</Filter>
    </FxCompile>
    <FxCompile Include="Resources\shaders\SpritePixelShader.hlsl">
      <Filter>シェーダーファイル</Filter>
    </FxCompile>
    <FxCompile Include="Resources\shaders\SpriteVertexShader.hlsl">
      <Filter>シェーダーファイル</Filter>
    </FxCompile>
  </ItemGroup>
</Project>